
Microsoft Visual Studio Solution File, Format Version 12.00
# Visual Studio Version 17
VisualStudioVersion = 17.5.33414.496
MinimumVisualStudioVersion = 10.0.40219.1
Project("{FAE04EC0-301F-11D3-BF4B-00C04F79EFBC}") = "Array-Datetime", "Array-Datetime\Array-Datetime.csproj", "{375B20A9-86D6-4FEE-A569-C0969F4DF751}"
EndProject
Global
	GlobalSection(SolutionConfigurationPlatforms) = preSolution
		Debug|Any CPU = Debug|Any CPU
		Release|Any CPU = Release|Any CPU
	EndGlobalSection
	GlobalSection(ProjectConfigurationPlatforms) = postSolution
		{375B20A9-86D6-4FEE-A569-C0969F4DF751}.Debug|Any CPU.ActiveCfg = Debug|Any CPU
		{375B20A9-86D6-4FEE-A569-C0969F4DF751}.Debug|Any CPU.Build.0 = Debug|Any CPU
		{375B20A9-86D6-4FEE-A569-C0969F4DF751}.Release|Any CPU.ActiveCfg = Release|Any CPU
		{375B20A9-86D6-4FEE-A569-C0969F4DF751}.Release|Any CPU.Build.0 = Release|Any CPU
	EndGlobalSection
	GlobalSection(SolutionProperties) = preSolution
		HideSolutionNode = FALSE
	EndGlobalSection
	GlobalSection(ExtensibilityGlobals) = postSolution
		SolutionGuid = {92A60C6A-26C6-4B99-AD04-89BA229254E9}
	EndGlobalSection
EndGlobal
